github.com/boundaryml/baml/go v0.0.7 h1:hIyDVH0TkaPBE91bqKqbyABk1056HPXY3afEhewrsFU=
github.com/boundaryml/baml/go v0.0.7/go.mod h1:qnKOtU8QMBwBxpL9RKPoxDdlnqDQz56Iysly/9n33gk=
github.com/boundaryml/baml/go v0.0.8 h1:qF/kRIKkZIQoxoY4qOSOPXd4PweDmsOZTAJPn/aWK7Y=
github.com/boundaryml/baml/go v0.0.8/go.mod h1:qnKOtU8QMBwBxpL9RKPoxDdlnqDQz56Iysly/9n33gk=
github.com/boundaryml/baml/go v0.0.9 h1:go64lZ+5Fl4eob/YSlWvCZykCLMrqy79qI2ev+H2vw0=
github.com/boundaryml/baml/go v0.0.9/go.mod h1:qnKOtU8QMBwBxpL9RKPoxDdlnqDQz56Iysly/9n33gk=
github.com/boundaryml/baml/go v0.1.0 h1:7dpbIUb1V7UV63Uah7O95kx601pSDEYNFWrZyQ+4Arw=
github.com/boundaryml/baml/go v0.1.0/go.mod h1:qnKOtU8QMBwBxpL9RKPoxDdlnqDQz56Iysly/9n33gk=
github.com/boundaryml/baml/go v0.1.1 h1:gh345prSIV/df5rBh3IuF5snMr8sU6/3tTk2KBQe5z8=
github.com/boundaryml/baml/go v0.1.1/go.mod h1:qnKOtU8QMBwBxpL9RKPoxDdlnqDQz56Iysly/9n33gk=
